// !$*UTF8*$!
{
	archiveVersion = 1;
	classes = {
	};
	objectVersion = 56;
	objects = {

/* Begin PBXBuildFile section */
		244F8000E98154448375C87B /* SMKFREEApp.swift in Sources */ = {isa = PBXBuildFile; fileRef = 3A432DF0D84255FDB36DC50C /* SMKFREEApp.swift */; };
		CA1566ED89AF51DE948EE9B4 /* ContentView.swift in Sources */ = {isa = PBXBuildFile; fileRef = 4CEE9E96CB365044A557BA55 /* ContentView.swift */; };
		112DC9635D0E5432B610343E /* Web in Resources */ = {isa = PBXBuildFile; fileRef = B7D5E3E3287A503DACD038C1 /* Web */; };
/* End PBXBuildFile section */

/* Begin PBXFileReference section */
		3A432DF0D84255FDB36DC50C /* SMKFREEApp.swift */ = {isa = PBXFileReference; lastKnownFileType = sourcecode.swift; path = SMKFREEApp.swift; sourceTree = "<group>"; };
		4CEE9E96CB365044A557BA55 /* ContentView.swift */ = {isa = PBXFileReference; lastKnownFileType = sourcecode.swift; path = ContentView.swift; sourceTree = "<group>"; };
		72F2052BA2045085A45960E7 /* Info.plist */ = {isa = PBXFileReference; lastKnownFileType = text.plist.xml; path = Info.plist; sourceTree = "<group>"; };
		B7D5E3E3287A503DACD038C1 /* Web */ = {isa = PBXFileReference; lastKnownFileType = folder; path = Web; sourceTree = "<group>"; };
		3C073FC43F3C5142AE64E26E /* SMKFREE.app */ = {isa = PBXFileReference; explicitFileType = wrapper.application; includeInIndex = 0; path = SMKFREE.app; sourceTree = BUILT_PRODUCTS_DIR; };
/* End PBXFileReference section */

/* Begin PBXFrameworksBuildPhase section */
		0C4A1BEC4B635C6A8FD72661 /* Frameworks */ = {isa = PBXFrameworksBuildPhase; buildActionMask = 2147483647; files = ( ); runOnlyForDeploymentPostprocessing = 0; };
/* End PBXFrameworksBuildPhase section */

/* Begin PBXGroup section */
		4AD89FD884C45229B25F84B0 = {isa = PBXGroup; children = ( 7D34C6C45EF35F718520A66D /* SMKFREE */, 88121139EC17505182A65434 /* Products */, ); sourceTree = "<group>"; };
		7D34C6C45EF35F718520A66D /* SMKFREE */ = {isa = PBXGroup; children = ( 3A432DF0D84255FDB36DC50C /* SMKFREEApp.swift */, 4CEE9E96CB365044A557BA55 /* ContentView.swift */, 72F2052BA2045085A45960E7 /* Info.plist */, B7D5E3E3287A503DACD038C1 /* Web */, ); path = SMKFREE; sourceTree = "<group>"; };
		88121139EC17505182A65434 /* Products */ = {isa = PBXGroup; children = ( 3C073FC43F3C5142AE64E26E /* SMKFREE.app */, ); name = Products; sourceTree = "<group>"; };
/* End PBXGroup section */

/* Begin PBXNativeTarget section */
		9E24ADC726995A96A2C0FCFA /* SMKFREE */ = {isa = PBXNativeTarget; buildConfigurationList = 22E87D6C4BC15A7A912E4899 /* Build configuration list for PBXNativeTarget "SMKFREE" */; buildPhases = ( 6B3D32849F1A5AA8B0A03B4F /* Sources */, 0C4A1BEC4B635C6A8FD72661 /* Frameworks */, 01D56020BC3F5C96BF960EB7 /* Resources */, ); buildRules = ( ); dependencies = ( ); name = SMKFREE; productName = SMKFREE; productReference = 3C073FC43F3C5142AE64E26E /* SMKFREE.app */; productType = "com.apple.product-type.application"; };
/* End PBXNativeTarget section */

/* Begin PBXProject section */
		51572EDAEEC656AF89CB75CB /* Project object */ = {isa = PBXProject; attributes = { LastSwiftUpdateCheck = 2640; LastUpgradeCheck = 2640; TargetAttributes = { 9E24ADC726995A96A2C0FCFA = { CreatedOnToolsVersion = 26.4; }; }; }; buildConfigurationList = 7B6952FAC9E85C0BA80B2836 /* Build configuration list for PBXProject "SMKFREE" */; compatibilityVersion = "Xcode 14.0"; developmentRegion = en; hasScannedForEncodings = 0; knownRegions = ( en, Base, ); mainGroup = 4AD89FD884C45229B25F84B0; productRefGroup = 88121139EC17505182A65434 /* Products */; projectDirPath = ""; projectRoot = ""; targets = ( 9E24ADC726995A96A2C0FCFA /* SMKFREE */, ); };
/* End PBXProject section */

/* Begin PBXResourcesBuildPhase section */
		01D56020BC3F5C96BF960EB7 /* Resources */ = {isa = PBXResourcesBuildPhase; buildActionMask = 2147483647; files = ( 112DC9635D0E5432B610343E /* Web in Resources */, ); runOnlyForDeploymentPostprocessing = 0; };
/* End PBXResourcesBuildPhase section */

/* Begin PBXSourcesBuildPhase section */
		6B3D32849F1A5AA8B0A03B4F /* Sources */ = {isa = PBXSourcesBuildPhase; buildActionMask = 2147483647; files = ( 244F8000E98154448375C87B /* SMKFREEApp.swift in Sources */, CA1566ED89AF51DE948EE9B4 /* ContentView.swift in Sources */, ); runOnlyForDeploymentPostprocessing = 0; };
/* End PBXSourcesBuildPhase section */

/* Begin XCBuildConfiguration section */
		0CED188D63A15D88AE7D8AAD /* Debug */ = {isa = XCBuildConfiguration; buildSettings = { ALWAYS_SEARCH_USER_PATHS = NO; CLANG_ENABLE_MODULES = YES; CLANG_ENABLE_OBJC_ARC = YES; CLANG_WARN_DOCUMENTATION_COMMENTS = YES; CODE_SIGN_STYLE = Automatic; CURRENT_PROJECT_VERSION = 1; DEBUG_INFORMATION_FORMAT = dwarf; ENABLE_STRICT_OBJC_MSGSEND = YES; GCC_C_LANGUAGE_STANDARD = gnu17; GCC_DYNAMIC_NO_PIC = NO; GCC_OPTIMIZATION_LEVEL = 0; GCC_PREPROCESSOR_DEFINITIONS = ( "DEBUG=1", "$(inherited)", ); GCC_WARN_64_TO_32_BIT_CONVERSION = YES; IPHONEOS_DEPLOYMENT_TARGET = 17.0; SDKROOT = iphoneos; SWIFT_ACTIVE_COMPILATION_CONDITIONS = DEBUG; SWIFT_OPTIMIZATION_LEVEL = "-Onone"; }; name = Debug; };
		1A732E765DD157DBB603656C /* Release */ = {isa = XCBuildConfiguration; buildSettings = { ALWAYS_SEARCH_USER_PATHS = NO; CLANG_ENABLE_MODULES = YES; CLANG_ENABLE_OBJC_ARC = YES; CLANG_WARN_DOCUMENTATION_COMMENTS = YES; CODE_SIGN_STYLE = Automatic; CURRENT_PROJECT_VERSION = 1; DEBUG_INFORMATION_FORMAT = "dwarf-with-dsym"; ENABLE_NS_ASSERTIONS = NO; ENABLE_STRICT_OBJC_MSGSEND = YES; GCC_C_LANGUAGE_STANDARD = gnu17; GCC_WARN_64_TO_32_BIT_CONVERSION = YES; IPHONEOS_DEPLOYMENT_TARGET = 17.0; SDKROOT = iphoneos; SWIFT_COMPILATION_MODE = wholemodule; SWIFT_OPTIMIZATION_LEVEL = "-O"; }; name = Release; };
		C99118F84F1351C4A243FE00 /* Debug */ = {isa = XCBuildConfiguration; buildSettings = { ASSETCATALOG_COMPILER_APPICON_NAME = AppIcon; CODE_SIGN_STYLE = Automatic; DEVELOPMENT_TEAM = ""; GENERATE_INFOPLIST_FILE = NO; INFOPLIST_FILE = SMKFREE/Info.plist; MARKETING_VERSION = 1.0; PRODUCT_BUNDLE_IDENTIFIER = ai.smkfree.app; PRODUCT_NAME = "$(TARGET_NAME)"; SWIFT_VERSION = 6.0; TARGETED_DEVICE_FAMILY = "1,2"; }; name = Debug; };
		1915A68330A4587089BCE636 /* Release */ = {isa = XCBuildConfiguration; buildSettings = { ASSETCATALOG_COMPILER_APPICON_NAME = AppIcon; CODE_SIGN_STYLE = Automatic; DEVELOPMENT_TEAM = ""; GENERATE_INFOPLIST_FILE = NO; INFOPLIST_FILE = SMKFREE/Info.plist; MARKETING_VERSION = 1.0; PRODUCT_BUNDLE_IDENTIFIER = ai.smkfree.app; PRODUCT_NAME = "$(TARGET_NAME)"; SWIFT_VERSION = 6.0; TARGETED_DEVICE_FAMILY = "1,2"; }; name = Release; };
/* End XCBuildConfiguration section */

/* Begin XCConfigurationList section */
		7B6952FAC9E85C0BA80B2836 /* Build configuration list for PBXProject "SMKFREE" */ = {isa = XCConfigurationList; buildConfigurations = ( 0CED188D63A15D88AE7D8AAD /* Debug */, 1A732E765DD157DBB603656C /* Release */, ); defaultConfigurationIsVisible = 0; defaultConfigurationName = Release; };
		22E87D6C4BC15A7A912E4899 /* Build configuration list for PBXNativeTarget "SMKFREE" */ = {isa = XCConfigurationList; buildConfigurations = ( C99118F84F1351C4A243FE00 /* Debug */, 1915A68330A4587089BCE636 /* Release */, ); defaultConfigurationIsVisible = 0; defaultConfigurationName = Release; };
/* End XCConfigurationList section */
	};
	rootObject = 51572EDAEEC656AF89CB75CB /* Project object */;
}
